// !$*UTF8*$!
{
	archiveVersion = 1;
	classes = {
	};
	objectVersion = 46;
	objects = {

/* Begin PBXBuildFile section */
		4EE9703CB2F973D81B18C894 /* Images.xcassets in Resources */ = {isa = PBXBuildFile; fileRef = 4EE97F8B76D29CA588164E2E /* Images.xcassets */; };
		4EE9708433F72E9E2C0422E3 /* InfoPlist.strings in Resources */ = {isa = PBXBuildFile; fileRef = 4EE97CFB4536A66617395597 /* InfoPlist.strings */; };
		4EE972ECB89740CF90C2CF31 /* UIKit.framework in Frameworks */ = {isa = PBXBuildFile; fileRef = 4EE971449CAE017B518350FD /* UIKit.framework */; };
		4EE9732263ACF6D4EDBE5F4B /* YMCPhysicsDebugger.m in Sources */ = {isa = PBXBuildFile; fileRef = 4EE978C2B631B716A2CDF6A4 /* YMCPhysicsDebugger.m */; };
		4EE9743357D96D36C3D36B89 /* FlappyBirdCloneTests.m in Sources */ = {isa = PBXBuildFile; fileRef = 4EE974F73CF9FDD551A3AF31 /* FlappyBirdCloneTests.m */; };
		4EE97456259E05CDE810115B /* Foundation.framework in Frameworks */ = {isa = PBXBuildFile; fileRef = 4EE976B788FA6C18C527ECA6 /* Foundation.framework */; };
		4EE97458316E44E89C7A5080 /* EFCMenuScene.m in Sources */ = {isa = PBXBuildFile; fileRef = 4EE9701100F06E18F19EBBB5 /* EFCMenuScene.m */; };
		4EE9757B212F69E3D6B191F2 /* Main.storyboard in Resources */ = {isa = PBXBuildFile; fileRef = 4EE974A5A5847D6EE172ADA5 /* Main.storyboard */; };
		4EE9757F5F3BE96B87160D64 /* main.m in Sources */ = {isa = PBXBuildFile; fileRef = 4EE976CFBCC922B7BEADD67D /* main.m */; };
		4EE976918DE3593D2D8DB5C8 /* UIKit.framework in Frameworks */ = {isa = PBXBuildFile; fileRef = 4EE971449CAE017B518350FD /* UIKit.framework */; };
		4EE976B850C0D4597AAFDC9D /* YMCSwizzler.m in Sources */ = {isa = PBXBuildFile; fileRef = 4EE97290C1D409B2275D8EA2 /* YMCSwizzler.m */; };
		4EE976BB9C7951403C23E352 /* Foundation.framework in Frameworks */ = {isa = PBXBuildFile; fileRef = 4EE976B788FA6C18C527ECA6 /* Foundation.framework */; };
		4EE977E91459AB71DF5F38A6 /* InfoPlist.strings in Resources */ = {isa = PBXBuildFile; fileRef = 4EE974581792524453C5424F /* InfoPlist.strings */; };
		4EE9797C21A14C46CF498961 /* EFCGameScene.m in Sources */ = {isa = PBXBuildFile; fileRef = 4EE97B16A7B7E42A1AC40820 /* EFCGameScene.m */; };
		4EE97B5BDD016CCD837501BB /* YMCSKNode+PhysicsDebug.m in Sources */ = {isa = PBXBuildFile; fileRef = 4EE97191D02EFA68ACEE714E /* YMCSKNode+PhysicsDebug.m */; };
		4EE97D5F0A7F3BE0BE971A54 /* CoreGraphics.framework in Frameworks */ = {isa = PBXBuildFile; fileRef = 4EE9704962A25B2419AB9983 /* CoreGraphics.framework */; };
		4EE97ED2D50484FB9FFE87AC /* YMCSKPhysicsBody+Swizzle.m in Sources */ = {isa = PBXBuildFile; fileRef = 4EE97441984EA0F7F2AE9667 /* YMCSKPhysicsBody+Swizzle.m */; };
		4EE97F08C45A01A1ED2296D1 /* SpriteKit.framework in Frameworks */ = {isa = PBXBuildFile; fileRef = 4EE9711D0D368309017D35F4 /* SpriteKit.framework */; };
		4EE97F0E522875EFF9389446 /* EFCViewController.m in Sources */ = {isa = PBXBuildFile; fileRef = 4EE97EB54AF921AFBBC7332A /* EFCViewController.m */; };
		4EE97F613C54C7E01ECCDBA5 /* YMCPhysicsDebugProperties.m in Sources */ = {isa = PBXBuildFile; fileRef = 4EE97C4B20E46DA8DDA16137 /* YMCPhysicsDebugProperties.m */; };
		4EE97F668D5EF1D06239B71B /* XCTest.framework in Frameworks */ = {isa = PBXBuildFile; fileRef = 4EE9767BF53C3DBC97A15D6B /* XCTest.framework */; };
		4EE97FE2113B2AEC5F3E3CDD /* EFCAppDelegate.m in Sources */ = {isa = PBXBuildFile; fileRef = 4EE977C76ED84ACEC3D4A962 /* EFCAppDelegate.m */; };
		EE05A1E018AECE3600F12263 /* EFCPipe.m in Sources */ = {isa = PBXBuildFile; fileRef = EE05A1DF18AECE3600F12263 /* EFCPipe.m */; };
		EE1B689718AADFF700D9BBAE /* EFCTerrain.m in Sources */ = {isa = PBXBuildFile; fileRef = EE1B689618AADFF700D9BBAE /* EFCTerrain.m */; };
		EE30C70518AD8A7F00D7DC53 /* EFCHero.m in Sources */ = {isa = PBXBuildFile; fileRef = EE30C70418AD8A7F00D7DC53 /* EFCHero.m */; };
		EEACDCCD18ABDAC8001EBA1F /* pipe.mp3 in Resources */ = {isa = PBXBuildFile; fileRef = EEACDCC918ABDAC8001EBA1F /* pipe.mp3 */; };
		EEACDCCF18ABDAC8001EBA1F /* punch.mp3 in Resources */ = {isa = PBXBuildFile; fileRef = EEACDCCB18ABDAC8001EBA1F /* punch.mp3 */; };
/* End PBXBuildFile section */

/* Begin PBXContainerItemProxy section */
		4EE97DDDA7C17CB7E53C5C38 /* PBXContainerItemProxy */ = {
			isa = PBXContainerItemProxy;
			containerPortal = 4EE976ED904870108CA771BF /* Project object */;
			proxyType = 1;
			remoteGlobalIDString = 4EE976F156741E37573B151C;
			remoteInfo = FlappyBirdClone;
		};
/* End PBXContainerItemProxy section */

/* Begin PBXFileReference section */
		4EE9701100F06E18F19EBBB5 /* EFCMenuScene.m */ = {isa = PBXFileReference; fileEncoding = 4; lastKnownFileType = sourcecode.c.objc; path = EFCMenuScene.m; sourceTree = "<group>"; };
		4EE9704962A25B2419AB9983 /* CoreGraphics.framework */ = {isa = PBXFileReference; lastKnownFileType = wrapper.framework; name = CoreGraphics.framework; path = System/Library/Frameworks/CoreGraphics.framework; sourceTree = SDKROOT; };
		4EE9711D0D368309017D35F4 /* SpriteKit.framework */ = {isa = PBXFileReference; lastKnownFileType = wrapper.framework; name = SpriteKit.framework; path = System/Library/Frameworks/SpriteKit.framework; sourceTree = SDKROOT; };
		4EE971299FDD98BD089B9C7C /* YMCPhysicsDebugProperties.h */ = {isa = PBXFileReference; fileEncoding = 4; lastKnownFileType = sourcecode.c.h; path = YMCPhysicsDebugProperties.h; sourceTree = "<group>"; };
		4EE971449CAE017B518350FD /* UIKit.framework */ = {isa = PBXFileReference; lastKnownFileType = wrapper.framework; name = UIKit.framework; path = System/Library/Frameworks/UIKit.framework; sourceTree = SDKROOT; };
		4EE97191D02EFA68ACEE714E /* YMCSKNode+PhysicsDebug.m */ = {isa = PBXFileReference; fileEncoding = 4; lastKnownFileType = sourcecode.c.objc; path = "YMCSKNode+PhysicsDebug.m"; sourceTree = "<group>"; };
		4EE97290C1D409B2275D8EA2 /* YMCSwizzler.m */ = {isa = PBXFileReference; fileEncoding = 4; lastKnownFileType = sourcecode.c.objc; path = YMCSwizzler.m; sourceTree = "<group>"; };
		4EE97403CB904E70F9597A54 /* EFCAppDelegate.h */ = {isa = PBXFileReference; lastKnownFileType = sourcecode.c.h; path = EFCAppDelegate.h; sourceTree = "<group>"; };
		4EE974128046DACE4684BB74 /* en */ = {isa = PBXFileReference; lastKnownFileType = text.plist.strings; name = en; path = en.lproj/InfoPlist.strings; sourceTree = "<group>"; };
		4EE974376DB735C0CEFA7451 /* FlappyBirdCloneTests.xctest */ = {isa = PBXFileReference; explicitFileType = wrapper.cfbundle; includeInIndex = 0; path = FlappyBirdCloneTests.xctest; sourceTree = BUILT_PRODUCTS_DIR; };
		4EE97441984EA0F7F2AE9667 /* YMCSKPhysicsBody+Swizzle.m */ = {isa = PBXFileReference; fileEncoding = 4; lastKnownFileType = sourcecode.c.objc; path = "YMCSKPhysicsBody+Swizzle.m"; sourceTree = "<group>"; };
		4EE9748A52EC5850BCAD5FCB /* EFCMenuScene.h */ = {isa = PBXFileReference; fileEncoding = 4; lastKnownFileType = sourcecode.c.h; path = EFCMenuScene.h; sourceTree = "<group>"; };
		4EE974F73CF9FDD551A3AF31 /* FlappyBirdCloneTests.m */ = {isa = PBXFileReference; lastKnownFileType = sourcecode.c.objc; path = FlappyBirdCloneTests.m; sourceTree = "<group>"; };
		4EE97540E77ECEB447996D7F /* EFCGameScene.h */ = {isa = PBXFileReference; lastKnownFileType = sourcecode.c.h; path = EFCGameScene.h; sourceTree = "<group>"; };
		4EE9754681896EEF03A9FABB /* en */ = {isa = PBXFileReference; lastKnownFileType = text.plist.strings; name = en; path = en.lproj/InfoPlist.strings; sourceTree = "<group>"; };
		4EE9767BF53C3DBC97A15D6B /* XCTest.framework */ = {isa = PBXFileReference; lastKnownFileType = wrapper.framework; name = XCTest.framework; path = Library/Frameworks/XCTest.framework; sourceTree = DEVELOPER_DIR; };
		4EE976B788FA6C18C527ECA6 /* Foundation.framework */ = {isa = PBXFileReference; lastKnownFileType = wrapper.framework; name = Foundation.framework; path = System/Library/Frameworks/Foundation.framework; sourceTree = SDKROOT; };
		4EE976CFBCC922B7BEADD67D /* main.m */ = {isa = PBXFileReference; lastKnownFileType = sourcecode.c.objc; path = main.m; sourceTree = "<group>"; };
		4EE977C76ED84ACEC3D4A962 /* EFCAppDelegate.m */ = {isa = PBXFileReference; lastKnownFileType = sourcecode.c.objc; path = EFCAppDelegate.m; sourceTree = "<group>"; };
		4EE978C2B631B716A2CDF6A4 /* YMCPhysicsDebugger.m */ = {isa = PBXFileReference; fileEncoding = 4; lastKnownFileType = sourcecode.c.objc; path = YMCPhysicsDebugger.m; sourceTree = "<group>"; };
		4EE979804FD7CB3631FDD905 /* FlappyBirdClone-Prefix.pch */ = {isa = PBXFileReference; lastKnownFileType = sourcecode.c.h; path = "FlappyBirdClone-Prefix.pch"; sourceTree = "<group>"; };
		4EE979D72037564C89EA7D10 /* Base */ = {isa = PBXFileReference; lastKnownFileType = file.storyboard; name = Base; path = Base.lproj/Main.storyboard; sourceTree = "<group>"; };
		4EE97B08E2E864DB6D9AF7C5 /* FlappyBirdClone.app */ = {isa = PBXFileReference; explicitFileType = wrapper.application; includeInIndex = 0; path = FlappyBirdClone.app; sourceTree = BUILT_PRODUCTS_DIR; };
		4EE97B0C6FB78B2B3020F943 /* YMCSKNode+PhysicsDebug.h */ = {isa = PBXFileReference; fileEncoding = 4; lastKnownFileType = sourcecode.c.h; path = "YMCSKNode+PhysicsDebug.h"; sourceTree = "<group>"; };
		4EE97B16A7B7E42A1AC40820 /* EFCGameScene.m */ = {isa = PBXFileReference; lastKnownFileType = sourcecode.c.objc; path = EFCGameScene.m; sourceTree = "<group>"; };
		4EE97B6B85FD7FD4FC05856B /* FlappyBirdCloneTests-Info.plist */ = {isa = PBXFileReference; lastKnownFileType = text.plist.info; path = "FlappyBirdCloneTests-Info.plist"; sourceTree = "<group>"; };
		4EE97B6C255ABC571FA790EC /* YMCSwizzler.h */ = {isa = PBXFileReference; fileEncoding = 4; lastKnownFileType = sourcecode.c.h; path = YMCSwizzler.h; sourceTree = "<group>"; };
		4EE97C4B20E46DA8DDA16137 /* YMCPhysicsDebugProperties.m */ = {isa = PBXFileReference; fileEncoding = 4; lastKnownFileType = sourcecode.c.objc; path = YMCPhysicsDebugProperties.m; sourceTree = "<group>"; };
		4EE97CE9268227A46AF2B724 /* FlappyBirdClone-Info.plist */ = {isa = PBXFileReference; lastKnownFileType = text.plist.info; path = "FlappyBirdClone-Info.plist"; sourceTree = "<group>"; };
		4EE97CEBD8A9DE3F9F8B18B1 /* EFCViewController.h */ = {isa = PBXFileReference; lastKnownFileType = sourcecode.c.h; path = EFCViewController.h; sourceTree = "<group>"; };
		4EE97D5D7FD79BD5E896B652 /* YMCSKPhysicsBody+Swizzle.h */ = {isa = PBXFileReference; fileEncoding = 4; lastKnownFileType = sourcecode.c.h; path = "YMCSKPhysicsBody+Swizzle.h"; sourceTree = "<group>"; };
		4EE97E7502C09F259DD43B42 /* YMCPhysicsDebugger.h */ = {isa = PBXFileReference; fileEncoding = 4; lastKnownFileType = sourcecode.c.h; path = YMCPhysicsDebugger.h; sourceTree = "<group>"; };
		4EE97EB54AF921AFBBC7332A /* EFCViewController.m */ = {isa = PBXFileReference; lastKnownFileType = sourcecode.c.objc; path = EFCViewController.m; sourceTree = "<group>"; };
		4EE97F8B76D29CA588164E2E /* Images.xcassets */ = {isa = PBXFileReference; lastKnownFileType = folder.assetcatalog; path = Images.xcassets; sourceTree = "<group>"; };
		EE05A1DE18AECE3600F12263 /* EFCPipe.h */ = {isa = PBXFileReference; fileEncoding = 4; lastKnownFileType = sourcecode.c.h; path = EFCPipe.h; sourceTree = "<group>"; };
		EE05A1DF18AECE3600F12263 /* EFCPipe.m */ = {isa = PBXFileReference; fileEncoding = 4; lastKnownFileType = sourcecode.c.objc; path = EFCPipe.m; sourceTree = "<group>"; };
		EE1B689518AADFF700D9BBAE /* EFCTerrain.h */ = {isa = PBXFileReference; fileEncoding = 4; lastKnownFileType = sourcecode.c.h; path = EFCTerrain.h; sourceTree = "<group>"; };
		EE1B689618AADFF700D9BBAE /* EFCTerrain.m */ = {isa = PBXFileReference; fileEncoding = 4; lastKnownFileType = sourcecode.c.objc; path = EFCTerrain.m; sourceTree = "<group>"; };
		EE1B689918AAE0F800D9BBAE /* EFCConstants.h */ = {isa = PBXFileReference; lastKnownFileType = sourcecode.c.h; path = EFCConstants.h; sourceTree = "<group>"; };
		EE30C70318AD8A7F00D7DC53 /* EFCHero.h */ = {isa = PBXFileReference; fileEncoding = 4; lastKnownFileType = sourcecode.c.h; path = EFCHero.h; sourceTree = "<group>"; };
		EE30C70418AD8A7F00D7DC53 /* EFCHero.m */ = {isa = PBXFileReference; fileEncoding = 4; lastKnownFileType = sourcecode.c.objc; path = EFCHero.m; sourceTree = "<group>"; };
		EEACDCC918ABDAC8001EBA1F /* pipe.mp3 */ = {isa = PBXFileReference; lastKnownFileType = audio.mp3; path = pipe.mp3; sourceTree = "<group>"; };
		EEACDCCB18ABDAC8001EBA1F /* punch.mp3 */ = {isa = PBXFileReference; lastKnownFileType = audio.mp3; path = punch.mp3; sourceTree = "<group>"; };
/* End PBXFileReference section */

/* Begin PBXFrameworksBuildPhase section */
		4EE9773555C5E5B42E6CF928 /* Frameworks */ = {
			isa = PBXFrameworksBuildPhase;
			buildActionMask = 2147483647;
			files = (
				4EE97F668D5EF1D06239B71B /* XCTest.framework in Frameworks */,
				4EE976BB9C7951403C23E352 /* Foundation.framework in Frameworks */,
				4EE972ECB89740CF90C2CF31 /* UIKit.framework in Frameworks */,
			);
			runOnlyForDeploymentPostprocessing = 0;
		};
		4EE97EE97DFB3EAC4F91FB37 /* Frameworks */ = {
			isa = PBXFrameworksBuildPhase;
			buildActionMask = 2147483647;
			files = (
				4EE97456259E05CDE810115B /* Foundation.framework in Frameworks */,
				4EE97D5F0A7F3BE0BE971A54 /* CoreGraphics.framework in Frameworks */,
				4EE976918DE3593D2D8DB5C8 /* UIKit.framework in Frameworks */,
				4EE97F08C45A01A1ED2296D1 /* SpriteKit.framework in Frameworks */,
			);
			runOnlyForDeploymentPostprocessing = 0;
		};
/* End PBXFrameworksBuildPhase section */

/* Begin PBXGroup section */
		4EE9710A6B8E0666C837515C = {
			isa = PBXGroup;
			children = (
				4EE9768548A9578F7C3D59EB /* Products */,
				4EE971C953185E246758F303 /* Frameworks */,
				4EE971BB42413E5DB9F59D11 /* FlappyBirdClone */,
				4EE97E448B31F142818A84ED /* FlappyBirdCloneTests */,
			);
			sourceTree = "<group>";
		};
		4EE971BB42413E5DB9F59D11 /* FlappyBirdClone */ = {
			isa = PBXGroup;
			children = (
				EEACDCC818ABDAC8001EBA1F /* Sounds */,
				EE1B689A18AAE31600D9BBAE /* Scenes */,
				EE1B689818AAE00B00D9BBAE /* Nodes */,
				4EE97BE5CA546445B2A3DC09 /* Supporting Files */,
				4EE97403CB904E70F9597A54 /* EFCAppDelegate.h */,
				4EE977C76ED84ACEC3D4A962 /* EFCAppDelegate.m */,
				4EE97F8B76D29CA588164E2E /* Images.xcassets */,
				4EE974A5A5847D6EE172ADA5 /* Main.storyboard */,
				4EE97CEBD8A9DE3F9F8B18B1 /* EFCViewController.h */,
				4EE97EB54AF921AFBBC7332A /* EFCViewController.m */,
				4EE978624EBFA1A515EDA46E /* YMCPhysicsDebugger */,
			);
			path = FlappyBirdClone;
			sourceTree = "<group>";
		};
		4EE971C953185E246758F303 /* Frameworks */ = {
			isa = PBXGroup;
			children = (
				4EE976B788FA6C18C527ECA6 /* Foundation.framework */,
				4EE9704962A25B2419AB9983 /* CoreGraphics.framework */,
				4EE971449CAE017B518350FD /* UIKit.framework */,
				4EE9711D0D368309017D35F4 /* SpriteKit.framework */,
				4EE9767BF53C3DBC97A15D6B /* XCTest.framework */,
			);
			name = Frameworks;
			sourceTree = "<group>";
		};
		4EE9768548A9578F7C3D59EB /* Products */ = {
			isa = PBXGroup;
			children = (
				4EE97B08E2E864DB6D9AF7C5 /* FlappyBirdClone.app */,
				4EE974376DB735C0CEFA7451 /* FlappyBirdCloneTests.xctest */,
			);
			name = Products;
			sourceTree = "<group>";
		};
		4EE97797F114A757315A8DD2 /* Supporting Files */ = {
			isa = PBXGroup;
			children = (
				4EE97B6B85FD7FD4FC05856B /* FlappyBirdCloneTests-Info.plist */,
				4EE974581792524453C5424F /* InfoPlist.strings */,
			);
			name = "Supporting Files";
			sourceTree = "<group>";
		};
		4EE978624EBFA1A515EDA46E /* YMCPhysicsDebugger */ = {
			isa = PBXGroup;
			children = (
				4EE97B6C255ABC571FA790EC /* YMCSwizzler.h */,
				4EE97290C1D409B2275D8EA2 /* YMCSwizzler.m */,
				4EE97E7502C09F259DD43B42 /* YMCPhysicsDebugger.h */,
				4EE978C2B631B716A2CDF6A4 /* YMCPhysicsDebugger.m */,
				4EE97B0C6FB78B2B3020F943 /* YMCSKNode+PhysicsDebug.h */,
				4EE97191D02EFA68ACEE714E /* YMCSKNode+PhysicsDebug.m */,
				4EE97D5D7FD79BD5E896B652 /* YMCSKPhysicsBody+Swizzle.h */,
				4EE97441984EA0F7F2AE9667 /* YMCSKPhysicsBody+Swizzle.m */,
				4EE971299FDD98BD089B9C7C /* YMCPhysicsDebugProperties.h */,
				4EE97C4B20E46DA8DDA16137 /* YMCPhysicsDebugProperties.m */,
			);
			path = YMCPhysicsDebugger;
			sourceTree = "<group>";
		};
		4EE97BE5CA546445B2A3DC09 /* Supporting Files */ = {
			isa = PBXGroup;
			children = (
				4EE97CE9268227A46AF2B724 /* FlappyBirdClone-Info.plist */,
				4EE97CFB4536A66617395597 /* InfoPlist.strings */,
				4EE976CFBCC922B7BEADD67D /* main.m */,
				4EE979804FD7CB3631FDD905 /* FlappyBirdClone-Prefix.pch */,
			);
			name = "Supporting Files";
			sourceTree = "<group>";
		};
		4EE97E448B31F142818A84ED /* FlappyBirdCloneTests */ = {
			isa = PBXGroup;
			children = (
				4EE97797F114A757315A8DD2 /* Supporting Files */,
				4EE974F73CF9FDD551A3AF31 /* FlappyBirdCloneTests.m */,
			);
			path = FlappyBirdCloneTests;
			sourceTree = "<group>";
		};
		EE1B689818AAE00B00D9BBAE /* Nodes */ = {
			isa = PBXGroup;
			children = (
				EE1B689918AAE0F800D9BBAE /* EFCConstants.h */,
				EE1B689518AADFF700D9BBAE /* EFCTerrain.h */,
				EE1B689618AADFF700D9BBAE /* EFCTerrain.m */,
				EE30C70318AD8A7F00D7DC53 /* EFCHero.h */,
				EE30C70418AD8A7F00D7DC53 /* EFCHero.m */,
				EE05A1DE18AECE3600F12263 /* EFCPipe.h */,
				EE05A1DF18AECE3600F12263 /* EFCPipe.m */,
			);
			name = Nodes;
			sourceTree = "<group>";
		};
		EE1B689A18AAE31600D9BBAE /* Scenes */ = {
			isa = PBXGroup;
			children = (
				4EE9701100F06E18F19EBBB5 /* EFCMenuScene.m */,
				4EE9748A52EC5850BCAD5FCB /* EFCMenuScene.h */,
				4EE97540E77ECEB447996D7F /* EFCGameScene.h */,
				4EE97B16A7B7E42A1AC40820 /* EFCGameScene.m */,
			);
			name = Scenes;
			sourceTree = "<group>";
		};
		EEACDCC818ABDAC8001EBA1F /* Sounds */ = {
			isa = PBXGroup;
			children = (
				EEACDCC918ABDAC8001EBA1F /* pipe.mp3 */,
				EEACDCCB18ABDAC8001EBA1F /* punch.mp3 */,
			);
			path = Sounds;
			sourceTree = "<group>";
		};
/* End PBXGroup section */

/* Begin PBXNativeTarget section */
		4EE976F156741E37573B151C /* FlappyBirdClone */ = {
			isa = PBXNativeTarget;
			buildConfigurationList = 4EE979D5699392E600B22E53 /* Build configuration list for PBXNativeTarget "FlappyBirdClone" */;
			buildPhases = (
				4EE9710D0DCAE2C43E77A3B1 /* Sources */,
				4EE97EE97DFB3EAC4F91FB37 /* Frameworks */,
				4EE973C2EC330748B112F1CD /* Resources */,
			);
			buildRules = (
			);
			dependencies = (
			);
			name = FlappyBirdClone;
			productName = FlappyBirdClone;
			productReference = 4EE97B08E2E864DB6D9AF7C5 /* FlappyBirdClone.app */;
			productType = "com.apple.product-type.application";
		};
		4EE97BFA7AE3FA4B4141BA1F /* FlappyBirdCloneTests */ = {
			isa = PBXNativeTarget;
			buildConfigurationList = 4EE972CC081EC9AEF87322B8 /* Build configuration list for PBXNativeTarget "FlappyBirdCloneTests" */;
			buildPhases = (
				4EE978D724F7B1CA5AC99C02 /* Sources */,
				4EE9773555C5E5B42E6CF928 /* Frameworks */,
				4EE97A609D6CB4870B947CC9 /* Resources */,
			);
			buildRules = (
			);
			dependencies = (
				4EE9755E05C3909F2634DCD7 /* PBXTargetDependency */,
			);
			name = FlappyBirdCloneTests;
			productName = FlappyBirdCloneTests;
			productReference = 4EE974376DB735C0CEFA7451 /* FlappyBirdCloneTests.xctest */;
			productType = "com.apple.product-type.bundle.unit-test";
		};
/* End PBXNativeTarget section */

/* Begin PBXProject section */
		4EE976ED904870108CA771BF /* Project object */ = {
			isa = PBXProject;
			attributes = {
				ORGANIZATIONNAME = "Effective Code Ltd";
			};
			buildConfigurationList = 4EE97759C1A13591830AAF38 /* Build configuration list for PBXProject "FlappyBirdClone" */;
			compatibilityVersion = "Xcode 3.2";
			developmentRegion = English;
			hasScannedForEncodings = 0;
			knownRegions = (
				en,
			);
			mainGroup = 4EE9710A6B8E0666C837515C;
			productRefGroup = 4EE9768548A9578F7C3D59EB /* Products */;
			projectDirPath = "";
			projectRoot = "";
			targets = (
				4EE976F156741E37573B151C /* FlappyBirdClone */,
				4EE97BFA7AE3FA4B4141BA1F /* FlappyBirdCloneTests */,
			);
		};
/* End PBXProject section */

/* Begin PBXResourcesBuildPhase section */
		4EE973C2EC330748B112F1CD /* Resources */ = {
			isa = PBXResourcesBuildPhase;
			buildActionMask = 2147483647;
			files = (
				EEACDCCD18ABDAC8001EBA1F /* pipe.mp3 in Resources */,
				EEACDCCF18ABDAC8001EBA1F /* punch.mp3 in Resources */,
				4EE9708433F72E9E2C0422E3 /* InfoPlist.strings in Resources */,
				4EE9703CB2F973D81B18C894 /* Images.xcassets in Resources */,
				4EE9757B212F69E3D6B191F2 /* Main.storyboard in Resources */,
			);
			runOnlyForDeploymentPostprocessing = 0;
		};
		4EE97A609D6CB4870B947CC9 /* Resources */ = {
			isa = PBXResourcesBuildPhase;
			buildActionMask = 2147483647;
			files = (
				4EE977E91459AB71DF5F38A6 /* InfoPlist.strings in Resources */,
			);
			runOnlyForDeploymentPostprocessing = 0;
		};
/* End PBXResourcesBuildPhase section */

/* Begin PBXSourcesBuildPhase section */
		4EE9710D0DCAE2C43E77A3B1 /* Sources */ = {
			isa = PBXSourcesBuildPhase;
			buildActionMask = 2147483647;
			files = (
				4EE9757F5F3BE96B87160D64 /* main.m in Sources */,
				4EE97FE2113B2AEC5F3E3CDD /* EFCAppDelegate.m in Sources */,
				EE05A1E018AECE3600F12263 /* EFCPipe.m in Sources */,
				EE1B689718AADFF700D9BBAE /* EFCTerrain.m in Sources */,
				4EE97F0E522875EFF9389446 /* EFCViewController.m in Sources */,
				EE30C70518AD8A7F00D7DC53 /* EFCHero.m in Sources */,
				4EE9797C21A14C46CF498961 /* EFCGameScene.m in Sources */,
				4EE97458316E44E89C7A5080 /* EFCMenuScene.m in Sources */,
				4EE976B850C0D4597AAFDC9D /* YMCSwizzler.m in Sources */,
				4EE9732263ACF6D4EDBE5F4B /* YMCPhysicsDebugger.m in Sources */,
				4EE97B5BDD016CCD837501BB /* YMCSKNode+PhysicsDebug.m in Sources */,
				4EE97ED2D50484FB9FFE87AC /* YMCSKPhysicsBody+Swizzle.m in Sources */,
				4EE97F613C54C7E01ECCDBA5 /* YMCPhysicsDebugProperties.m in Sources */,
			);
			runOnlyForDeploymentPostprocessing = 0;
		};
		4EE978D724F7B1CA5AC99C02 /* Sources */ = {
			isa = PBXSourcesBuildPhase;
			buildActionMask = 2147483647;
			files = (
				4EE9743357D96D36C3D36B89 /* FlappyBirdCloneTests.m in Sources */,
			);
			runOnlyForDeploymentPostprocessing = 0;
		};
/* End PBXSourcesBuildPhase section */

/* Begin PBXTargetDependency section */
		4EE9755E05C3909F2634DCD7 /* PBXTargetDependency */ = {
			isa = PBXTargetDependency;
			target = 4EE976F156741E37573B151C /* FlappyBirdClone */;
			targetProxy = 4EE97DDDA7C17CB7E53C5C38 /* PBXContainerItemProxy */;
		};
/* End PBXTargetDependency section */

/* Begin PBXVariantGroup section */
		4EE974581792524453C5424F /* InfoPlist.strings */ = {
			isa = PBXVariantGroup;
			children = (
				4EE9754681896EEF03A9FABB /* en */,
			);
			name = InfoPlist.strings;
			sourceTree = "<group>";
		};
		4EE974A5A5847D6EE172ADA5 /* Main.storyboard */ = {
			isa = PBXVariantGroup;
			children = (
				4EE979D72037564C89EA7D10 /* Base */,
			);
			name = Main.storyboard;
			sourceTree = "<group>";
		};
		4EE97CFB4536A66617395597 /* InfoPlist.strings */ = {
			isa = PBXVariantGroup;
			children = (
				4EE974128046DACE4684BB74 /* en */,
			);
			name = InfoPlist.strings;
			sourceTree = "<group>";
		};
/* End PBXVariantGroup section */

/* Begin XCBuildConfiguration section */
		4EE973A4614FA26CB30BB804 /* Debug */ = {
			isa = XCBuildConfiguration;
			buildSettings = {
				ALWAYS_SEARCH_USER_PATHS = NO;
				ARCHS = "$(ARCHS_STANDARD_INCLUDING_64_BIT)";
				CLANG_CXX_LANGUAGE_STANDARD = "gnu++0x";
				CLANG_CXX_LIBRARY = "libc++";
				CLANG_ENABLE_MODULES = YES;
				CLANG_ENABLE_OBJC_ARC = YES;
				CLANG_WARN_BOOL_CONVERSION = YES;
				CLANG_WARN_CONSTANT_CONVERSION = YES;
				CLANG_WARN_DIRECT_OBJC_ISA_USAGE = YES_ERROR;
				CLANG_WARN_EMPTY_BODY = YES;
				CLANG_WARN_ENUM_CONVERSION = YES;
				CLANG_WARN_INT_CONVERSION = YES;
				CLANG_WARN_OBJC_ROOT_CLASS = YES_ERROR;
				CLANG_WARN__DUPLICATE_METHOD_MATCH = YES;
				"CODE_SIGN_IDENTITY[sdk=iphoneos*]" = "iPhone Developer";
				COPY_PHASE_STRIP = NO;
				GCC_C_LANGUAGE_STANDARD = gnu99;
				GCC_DYNAMIC_NO_PIC = NO;
				GCC_OPTIMIZATION_LEVEL = 0;
				GCC_PREPROCESSOR_DEFINITIONS = (
					"DEBUG=1",
					"$(inherited)",
				);
				GCC_SYMBOLS_PRIVATE_EXTERN = NO;
				GCC_WARN_64_TO_32_BIT_CONVERSION = YES;
				GCC_WARN_ABOUT_RETURN_TYPE = YES_ERROR;
				GCC_WARN_UNDECLARED_SELECTOR = YES;
				GCC_WARN_UNINITIALIZED_AUTOS = YES;
				GCC_WARN_UNUSED_FUNCTION = YES;
				GCC_WARN_UNUSED_VARIABLE = YES;
				IPHONEOS_DEPLOYMENT_TARGET = 7.0;
				ONLY_ACTIVE_ARCH = YES;
				SDKROOT = iphoneos;
			};
			name = Debug;
		};
		4EE9788C8DD0B33252C6F4D8 /* Debug */ = {
			isa = XCBuildConfiguration;
			buildSettings = {
				FRAMEWORK_SEARCH_PATHS = (
					"$(SDKROOT)/Developer/Library/Frameworks",
					"$(inherited)",
				);
				GCC_PRECOMPILE_PREFIX_HEADER = YES;
				GCC_PREFIX_HEADER = "FlappyBirdClone/FlappyBirdClone-Prefix.pch";
				INFOPLIST_FILE = "FlappyBirdCloneTests/FlappyBirdCloneTests-Info.plist";
				PRODUCT_NAME = "$(TARGET_NAME)";
				WRAPPER_EXTENSION = xctest;
			};
			name = Debug;
		};
		4EE978E463705582690D15C4 /* Release */ = {
			isa = XCBuildConfiguration;
			buildSettings = {
				FRAMEWORK_SEARCH_PATHS = (
					"$(SDKROOT)/Developer/Library/Frameworks",
					"$(inherited)",
				);
				GCC_PRECOMPILE_PREFIX_HEADER = YES;
				GCC_PREFIX_HEADER = "FlappyBirdClone/FlappyBirdClone-Prefix.pch";
				INFOPLIST_FILE = "FlappyBirdCloneTests/FlappyBirdCloneTests-Info.plist";
				PRODUCT_NAME = "$(TARGET_NAME)";
				WRAPPER_EXTENSION = xctest;
			};
			name = Release;
		};
		4EE97A2562B262C6BFE24E24 /* Debug */ = {
			isa = XCBuildConfiguration;
			buildSettings = {
				ASSETCATALOG_COMPILER_APPICON_NAME = AppIcon;
				ASSETCATALOG_COMPILER_LAUNCHIMAGE_NAME = LaunchImage;
				GCC_PRECOMPILE_PREFIX_HEADER = YES;
				GCC_PREFIX_HEADER = "FlappyBirdClone/FlappyBirdClone-Prefix.pch";
				INFOPLIST_FILE = "FlappyBirdClone/FlappyBirdClone-Info.plist";
				PRODUCT_NAME = "$(TARGET_NAME)";
				SPRITEKIT_TEXTURE_ATLAS_OUTPUT = YES;
				WRAPPER_EXTENSION = app;
			};
			name = Debug;
		};
		4EE97AF6CD150A716544EAB6 /* Release */ = {
			isa = XCBuildConfiguration;
			buildSettings = {
				ASSETCATALOG_COMPILER_APPICON_NAME = AppIcon;
				ASSETCATALOG_COMPILER_LAUNCHIMAGE_NAME = LaunchImage;
				GCC_PRECOMPILE_PREFIX_HEADER = YES;
				GCC_PREFIX_HEADER = "FlappyBirdClone/FlappyBirdClone-Prefix.pch";
				INFOPLIST_FILE = "FlappyBirdClone/FlappyBirdClone-Info.plist";
				PRODUCT_NAME = "$(TARGET_NAME)";
				SPRITEKIT_TEXTURE_ATLAS_OUTPUT = YES;
				WRAPPER_EXTENSION = app;
			};
			name = Release;
		};
		4EE97DB5872094BA7BC9BFED /* Release */ = {
			isa = XCBuildConfiguration;
			buildSettings = {
				ALWAYS_SEARCH_USER_PATHS = NO;
				ARCHS = "$(ARCHS_STANDARD_INCLUDING_64_BIT)";
				CLANG_CXX_LANGUAGE_STANDARD = "gnu++0x";
				CLANG_CXX_LIBRARY = "libc++";
				CLANG_ENABLE_MODULES = YES;
				CLANG_ENABLE_OBJC_ARC = YES;
				CLANG_WARN_BOOL_CONVERSION = YES;
				CLANG_WARN_CONSTANT_CONVERSION = YES;
				CLANG_WARN_DIRECT_OBJC_ISA_USAGE = YES_ERROR;
				CLANG_WARN_EMPTY_BODY = YES;
				CLANG_WARN_ENUM_CONVERSION = YES;
				CLANG_WARN_INT_CONVERSION = YES;
				CLANG_WARN_OBJC_ROOT_CLASS = YES_ERROR;
				CLANG_WARN__DUPLICATE_METHOD_MATCH = YES;
				"CODE_SIGN_IDENTITY[sdk=iphoneos*]" = "iPhone Developer";
				COPY_PHASE_STRIP = YES;
				ENABLE_NS_ASSERTIONS = NO;
				GCC_C_LANGUAGE_STANDARD = gnu99;
				GCC_WARN_64_TO_32_BIT_CONVERSION = YES;
				GCC_WARN_ABOUT_RETURN_TYPE = YES_ERROR;
				GCC_WARN_UNDECLARED_SELECTOR = YES;
				GCC_WARN_UNINITIALIZED_AUTOS = YES;
				GCC_WARN_UNUSED_FUNCTION = YES;
				GCC_WARN_UNUSED_VARIABLE = YES;
				IPHONEOS_DEPLOYMENT_TARGET = 7.0;
				SDKROOT = iphoneos;
				VALIDATE_PRODUCT = YES;
			};
			name = Release;
		};
/* End XCBuildConfiguration section */

/* Begin XCConfigurationList section */
		4EE972CC081EC9AEF87322B8 /* Build configuration list for PBXNativeTarget "FlappyBirdCloneTests" */ = {
			isa = XCConfigurationList;
			buildConfigurations = (
				4EE978E463705582690D15C4 /* Release */,
				4EE9788C8DD0B33252C6F4D8 /* Debug */,
			);
			defaultConfigurationIsVisible = 0;
			defaultConfigurationName = Release;
		};
		4EE97759C1A13591830AAF38 /* Build configuration list for PBXProject "FlappyBirdClone" */ = {
			isa = XCConfigurationList;
			buildConfigurations = (
				4EE97DB5872094BA7BC9BFED /* Release */,
				4EE973A4614FA26CB30BB804 /* Debug */,
			);
			defaultConfigurationIsVisible = 0;
			defaultConfigurationName = Release;
		};
		4EE979D5699392E600B22E53 /* Build configuration list for PBXNativeTarget "FlappyBirdClone" */ = {
			isa = XCConfigurationList;
			buildConfigurations = (
				4EE97AF6CD150A716544EAB6 /* Release */,
				4EE97A2562B262C6BFE24E24 /* Debug */,
			);
			defaultConfigurationIsVisible = 0;
			defaultConfigurationName = Release;
		};
/* End XCConfigurationList section */
	};
	rootObject = 4EE976ED904870108CA771BF /* Project object */;
}
